
Microsoft Visual Studio Solution File, Format Version 12.00
# Visual Studio Version 16
VisualStudioVersion = 16.0.31112.23
MinimumVisualStudioVersion = 10.0.40219.1
Project("{8BC9CEB8-8B4A-11D0-8D11-00A0C91BC942}") = "Project1", "Project1\Project1.vcxproj", "{1713E48F-9381-407C-8E27-9C7F3F21FFEC}"
EndProject
Global
	GlobalSection(SolutionConfigurationPlatforms) = preSolution
		Debug|x64 = Debug|x64
		Debug|x86 = Debug|x86
		Release|x64 = Release|x64
		Release|x86 = Release|x86
	EndGlobalSection
	GlobalSection(ProjectConfigurationPlatforms) = postSolution
		{1713E48F-9381-407C-8E27-9C7F3F21FFEC}.Debug|x64.ActiveCfg = Debug|x64
		{1713E48F-9381-407C-8E27-9C7F3F21FFEC}.Debug|x64.Build.0 = Debug|x64
		{1713E48F-9381-407C-8E27-9C7F3F21FFEC}.Debug|x86.ActiveCfg = Debug|Win32
		{1713E48F-9381-407C-8E27-9C7F3F21FFEC}.Debug|x86.Build.0 = Debug|Win32
		{1713E48F-9381-407C-8E27-9C7F3F21FFEC}.Release|x64.ActiveCfg = Release|x64
		{1713E48F-9381-407C-8E27-9C7F3F21FFEC}.Release|x64.Build.0 = Release|x64
		{1713E48F-9381-407C-8E27-9C7F3F21FFEC}.Release|x86.ActiveCfg = Release|Win32
		{1713E48F-9381-407C-8E27-9C7F3F21FFEC}.Release|x86.Build.0 = Release|Win32
	EndGlobalSection
	GlobalSection(SolutionProperties) = preSolution
		HideSolutionNode = FALSE
	EndGlobalSection
	GlobalSection(ExtensibilityGlobals) = postSolution
		SolutionGuid = {C08BA397-C24D-4E72-B99F-02FB6C6E2E06}
	EndGlobalSection
EndGlobal
